# THIS IS AN AUTOGENERATED FILE. DO NOT EDIT THIS FILE DIRECTLY.
# yarn lockfile v1


"yarn-install-bug-test-b@https://github.com/cinderblock/yarn-install-bug-test.git#b":
  version "0.0.0"
  resolved "https://github.com/cinderblock/yarn-install-bug-test.git#d798955688697b2bef8dab1c4b715972b9107782"
